
Microsoft Visual Studio Solution File, Format Version 12.00
# Visual Studio Version 17
VisualStudioVersion = 17.8.34330.188
MinimumVisualStudioVersion = 10.0.40219.1
Project("{FAE04EC0-301F-11D3-BF4B-00C04F79EFBC}") = "savdanya5", "savdanya5\savdanya5.csproj", "{E010FFF1-5119-4AA2-9E56-98060F3B07C8}"
EndProject
Global
	GlobalSection(SolutionConfigurationPlatforms) = preSolution
		Debug|Any CPU = Debug|Any CPU
		Release|Any CPU = Release|Any CPU
	EndGlobalSection
	GlobalSection(ProjectConfigurationPlatforms) = postSolution
		{E010FFF1-5119-4AA2-9E56-98060F3B07C8}.Debug|Any CPU.ActiveCfg = Debug|Any CPU
		{E010FFF1-5119-4AA2-9E56-98060F3B07C8}.Debug|Any CPU.Build.0 = Debug|Any CPU
		{E010FFF1-5119-4AA2-9E56-98060F3B07C8}.Release|Any CPU.ActiveCfg = Release|Any CPU
		{E010FFF1-5119-4AA2-9E56-98060F3B07C8}.Release|Any CPU.Build.0 = Release|Any CPU
	EndGlobalSection
	GlobalSection(SolutionProperties) = preSolution
		HideSolutionNode = FALSE
	EndGlobalSection
	GlobalSection(ExtensibilityGlobals) = postSolution
		SolutionGuid = {272045F4-CEC9-4C42-B958-E7BA18858945}
	EndGlobalSection
EndGlobal
